
Microsoft Visual Studio Solution File, Format Version 12.00
# Visual Studio Version 17
VisualStudioVersion = 17.0.32014.148
MinimumVisualStudioVersion = 10.0.40219.1
Project("{FAE04EC0-301F-11D3-BF4B-00C04F79EFBC}") = "EmpolyeeWages", "EmpolyeeWages.csproj", "{4D3EABCF-7CDE-4D29-A452-321FEDDDB940}"
EndProject
Global
	GlobalSection(SolutionConfigurationPlatforms) = preSolution
		Debug|Any CPU = Debug|Any CPU
		Release|Any CPU = Release|Any CPU
	EndGlobalSection
	GlobalSection(ProjectConfigurationPlatforms) = postSolution
		{4D3EABCF-7CDE-4D29-A452-321FEDDDB940}.Debug|Any CPU.ActiveCfg = Debug|Any CPU
		{4D3EABCF-7CDE-4D29-A452-321FEDDDB940}.Debug|Any CPU.Build.0 = Debug|Any CPU
		{4D3EABCF-7CDE-4D29-A452-321FEDDDB940}.Release|Any CPU.ActiveCfg = Release|Any CPU
		{4D3EABCF-7CDE-4D29-A452-321FEDDDB940}.Release|Any CPU.Build.0 = Release|Any CPU
	EndGlobalSection
	GlobalSection(SolutionProperties) = preSolution
		HideSolutionNode = FALSE
	EndGlobalSection
	GlobalSection(ExtensibilityGlobals) = postSolution
		SolutionGuid = {5992DF35-85C4-4552-A1F7-1A85F7DF38D8}
	EndGlobalSection
EndGlobal
